PODS:
  - Differentiator (4.0.1)
  - Dip (7.1.1)
  - GRDB.swift (4.14.0):
    - GRDB.swift/standard (= 4.14.0)
  - GRDB.swift/standard (4.14.0)
  - RxCocoa (5.1.1):
    - RxRelay (~> 5)
    - RxSwift (~> 5)
  - RxDataSources (4.0.1):
    - Differentiator (~> 4.0)
    - RxCocoa (~> 5.0)
    - RxSwift (~> 5.0)
  - RxGRDB (0.18.0):
    - RxGRDB/default (= 0.18.0)
    - RxSwift (~> 5.0)
  - RxGRDB/default (0.18.0):
    - GRDB.swift (~> 4.1)
    - RxSwift (~> 5.0)
  - RxRelay (5.1.1):
    - RxSwift (~> 5)
  - RxSwift (5.1.1)
  - SDWebImage (5.7.3):
    - SDWebImage/Core (= 5.7.3)
  - SDWebImage/Core (5.7.3)
  - SwiftyJSON (4.3.0)

DEPENDENCIES:
  - Dip (= 7.1.1)
  - RxCocoa (~> 5)
  - RxDataSources (~> 4.0)
  - RxGRDB
  - RxSwift (~> 5)
  - SDWebImage (= 5.7.3)
  - SwiftyJSON (~> 4.0)

SPEC REPOS:
  trunk:
    - Differentiator
    - Dip
    - GRDB.swift
    - RxCocoa
    - RxDataSources
    - RxGRDB
    - RxRelay
    - RxSwift
    - SDWebImage
    - SwiftyJSON

SPEC CHECKSUMS:
  Differentiator: 886080237d9f87f322641dedbc5be257061b0602
  Dip: 6bebb09d50f88633039ce2c9fe5bc56d387b492f
  GRDB.swift: 8cc3ab7c8b8b4ac1761deb8dca4b51c1c9d429f8
  RxCocoa: 32065309a38d29b5b0db858819b5bf9ef038b601
  RxDataSources: efee07fa4de48477eca0a4611e6d11e2da9c1114
  RxGRDB: 41dfd8f987aad7a7bdd7c420319d3eb23ee383f3
  RxRelay: d77f7d771495f43c556cbc43eebd1bb54d01e8e9
  RxSwift: 81470a2074fa8780320ea5fe4102807cb7118178
  SDWebImage: 97351f6582ceca541ea294ba66a1fcb342a331c2
  SwiftyJSON: 6faa0040f8b59dead0ee07436cbf76b73c08fd08

PODFILE CHECKSUM: 435549a7abd7af77cc3b7a14b00bc204d21a9f2e

COCOAPODS: 1.9.1
